
Microsoft Visual Studio Solution File, Format Version 12.00
# Visual Studio Version 16
VisualStudioVersion = 16.0.30611.23
MinimumVisualStudioVersion = 10.0.40219.1
Project("{FAE04EC0-301F-11D3-BF4B-00C04F79EFBC}") = "WebAppUsingUnity", "WebAppUsingUnity\WebAppUsingUnity.csproj", "{4BC53966-3F25-4A27-9BC3-C6C13A86E68D}"
EndProject
Project("{9A19103F-16F7-4668-BE54-9A1E7A4F7556}") = "Domain", "Domain\Domain.csproj", "{AE2EF45B-4767-4C75-A056-2BC3BC8B7827}"
EndProject
Project("{FAE04EC0-301F-11D3-BF4B-00C04F79EFBC}") = "WebAppUsingWebObjectActivator", "WebAppUsingWebObjectActivator\WebAppUsingWebObjectActivator.csproj", "{7DFC6F8F-7311-44A5-BE2E-5738E96A62B8}"
EndProject
Project("{FAE04EC0-301F-11D3-BF4B-00C04F79EFBC}") = "WebAppUsingSimpleInjector", "WebAppUsingSimpleInjector\WebAppUsingSimpleInjector.csproj", "{AB35C8B6-B3E2-47EA-B0DB-525BF7806756}"
EndProject
Project("{FAE04EC0-301F-11D3-BF4B-00C04F79EFBC}") = "WebAppUsingAutofac", "WebAppUsingAutofac\WebAppUsingAutofac.csproj", "{0DC85B97-518F-4807-A67A-E7EA6DDC27C9}"
EndProject
Project("{FAE04EC0-301F-11D3-BF4B-00C04F79EFBC}") = "WebAppUsingServiceCollection", "WebAppUsingServiceCollection\WebAppUsingServiceCollection.csproj", "{2F491F2A-3AD5-4AD3-BC46-C7996813C1D6}"
EndProject
Global
	GlobalSection(SolutionConfigurationPlatforms) = preSolution
		Debug|Any CPU = Debug|Any CPU
		Release|Any CPU = Release|Any CPU
	EndGlobalSection
	GlobalSection(ProjectConfigurationPlatforms) = postSolution
		{4BC53966-3F25-4A27-9BC3-C6C13A86E68D}.Debug|Any CPU.ActiveCfg = Debug|Any CPU
		{4BC53966-3F25-4A27-9BC3-C6C13A86E68D}.Debug|Any CPU.Build.0 = Debug|Any CPU
		{4BC53966-3F25-4A27-9BC3-C6C13A86E68D}.Release|Any CPU.ActiveCfg = Release|Any CPU
		{4BC53966-3F25-4A27-9BC3-C6C13A86E68D}.Release|Any CPU.Build.0 = Release|Any CPU
		{AE2EF45B-4767-4C75-A056-2BC3BC8B7827}.Debug|Any CPU.ActiveCfg = Debug|Any CPU
		{AE2EF45B-4767-4C75-A056-2BC3BC8B7827}.Debug|Any CPU.Build.0 = Debug|Any CPU
		{AE2EF45B-4767-4C75-A056-2BC3BC8B7827}.Release|Any CPU.ActiveCfg = Release|Any CPU
		{AE2EF45B-4767-4C75-A056-2BC3BC8B7827}.Release|Any CPU.Build.0 = Release|Any CPU
		{7DFC6F8F-7311-44A5-BE2E-5738E96A62B8}.Debug|Any CPU.ActiveCfg = Debug|Any CPU
		{7DFC6F8F-7311-44A5-BE2E-5738E96A62B8}.Debug|Any CPU.Build.0 = Debug|Any CPU
		{7DFC6F8F-7311-44A5-BE2E-5738E96A62B8}.Release|Any CPU.ActiveCfg = Release|Any CPU
		{7DFC6F8F-7311-44A5-BE2E-5738E96A62B8}.Release|Any CPU.Build.0 = Release|Any CPU
		{AB35C8B6-B3E2-47EA-B0DB-525BF7806756}.Debug|Any CPU.ActiveCfg = Debug|Any CPU
		{AB35C8B6-B3E2-47EA-B0DB-525BF7806756}.Debug|Any CPU.Build.0 = Debug|Any CPU
		{AB35C8B6-B3E2-47EA-B0DB-525BF7806756}.Release|Any CPU.ActiveCfg = Release|Any CPU
		{AB35C8B6-B3E2-47EA-B0DB-525BF7806756}.Release|Any CPU.Build.0 = Release|Any CPU
		{0DC85B97-518F-4807-A67A-E7EA6DDC27C9}.Debug|Any CPU.ActiveCfg = Debug|Any CPU
		{0DC85B97-518F-4807-A67A-E7EA6DDC27C9}.Debug|Any CPU.Build.0 = Debug|Any CPU
		{0DC85B97-518F-4807-A67A-E7EA6DDC27C9}.Release|Any CPU.ActiveCfg = Release|Any CPU
		{0DC85B97-518F-4807-A67A-E7EA6DDC27C9}.Release|Any CPU.Build.0 = Release|Any CPU
		{2F491F2A-3AD5-4AD3-BC46-C7996813C1D6}.Debug|Any CPU.ActiveCfg = Debug|Any CPU
		{2F491F2A-3AD5-4AD3-BC46-C7996813C1D6}.Debug|Any CPU.Build.0 = Debug|Any CPU
		{2F491F2A-3AD5-4AD3-BC46-C7996813C1D6}.Release|Any CPU.ActiveCfg = Release|Any CPU
		{2F491F2A-3AD5-4AD3-BC46-C7996813C1D6}.Release|Any CPU.Build.0 = Release|Any CPU
	EndGlobalSection
	GlobalSection(SolutionProperties) = preSolution
		HideSolutionNode = FALSE
	EndGlobalSection
	GlobalSection(ExtensibilityGlobals) = postSolution
		SolutionGuid = {E0D075FC-F181-46ED-B611-5BC6A3D65996}
	EndGlobalSection
EndGlobal
